// !$*UTF8*$!
{
	archiveVersion = 1;
	classes = {
	};
	objectVersion = 46;
	objects = {

/* Begin PBXBuildFile section */
		0AD3A68B14D3DE7000703C36 /* UIKit.framework in Frameworks */ = {isa = PBXBuildFile; fileRef = 0AD3A68A14D3DE7000703C36 /* UIKit.framework */; };
		0AD3A68D14D3DE7000703C36 /* Foundation.framework in Frameworks */ = {isa = PBXBuildFile; fileRef = 0AD3A68C14D3DE7000703C36 /* Foundation.framework */; };
		0AD3A68F14D3DE7000703C36 /* CoreGraphics.framework in Frameworks */ = {isa = PBXBuildFile; fileRef = 0AD3A68E14D3DE7000703C36 /* CoreGraphics.framework */; };
		0AD3A69514D3DE7000703C36 /* InfoPlist.strings in Resources */ = {isa = PBXBuildFile; fileRef = 0AD3A69314D3DE7000703C36 /* InfoPlist.strings */; };
		0AD3A69714D3DE7000703C36 /* main.m in Sources */ = {isa = PBXBuildFile; fileRef = 0AD3A69614D3DE7000703C36 /* main.m */; };
		0AD3A69B14D3DE7000703C36 /* AppDelegate.m in Sources */ = {isa = PBXBuildFile; fileRef = 0AD3A69A14D3DE7000703C36 /* AppDelegate.m */; };
		0AD3A69E14D3DE7000703C36 /* MainStoryboard.storyboard in Resources */ = {isa = PBXBuildFile; fileRef = 0AD3A69C14D3DE7000703C36 /* MainStoryboard.storyboard */; };
		0AD3A6A114D3DE7000703C36 /* FirstViewController.m in Sources */ = {isa = PBXBuildFile; fileRef = 0AD3A6A014D3DE7000703C36 /* FirstViewController.m */; };
		0AD3A6A314D3DE7000703C36 /* first.png in Resources */ = {isa = PBXBuildFile; fileRef = 0AD3A6A214D3DE7000703C36 /* first.png */; };
		0AD3A6A514D3DE7000703C36 /* first@2x.png in Resources */ = {isa = PBXBuildFile; fileRef = 0AD3A6A414D3DE7000703C36 /* first@2x.png */; };
		0AD3A6A814D3DE7000703C36 /* SecondViewController.m in Sources */ = {isa = PBXBuildFile; fileRef = 0AD3A6A714D3DE7000703C36 /* SecondViewController.m */; };
		0AD3A6AA14D3DE7000703C36 /* second.png in Resources */ = {isa = PBXBuildFile; fileRef = 0AD3A6A914D3DE7000703C36 /* second.png */; };
		0AD3A6AC14D3DE7000703C36 /* second@2x.png in Resources */ = {isa = PBXBuildFile; fileRef = 0AD3A6AB14D3DE7000703C36 /* second@2x.png */; };
/* End PBXBuildFile section */

/* Begin PBXFileReference section */
		0AD3A68614D3DE7000703C36 /* APCalc.app */ = {isa = PBXFileReference; explicitFileType = wrapper.application; includeInIndex = 0; path = APCalc.app; sourceTree = BUILT_PRODUCTS_DIR; };
		0AD3A68A14D3DE7000703C36 /* UIKit.framework */ = {isa = PBXFileReference; lastKnownFileType = wrapper.framework; name = UIKit.framework; path = System/Library/Frameworks/UIKit.framework; sourceTree = SDKROOT; };
		0AD3A68C14D3DE7000703C36 /* Foundation.framework */ = {isa = PBXFileReference; lastKnownFileType = wrapper.framework; name = Foundation.framework; path = System/Library/Frameworks/Foundation.framework; sourceTree = SDKROOT; };
		0AD3A68E14D3DE7000703C36 /* CoreGraphics.framework */ = {isa = PBXFileReference; lastKnownFileType = wrapper.framework; name = CoreGraphics.framework; path = System/Library/Frameworks/CoreGraphics.framework; sourceTree = SDKROOT; };
		0AD3A69214D3DE7000703C36 /* APCalc-Info.plist */ = {isa = PBXFileReference; path = "APCalc-Info.plist"; sourceTree = "<group>"; };
		0AD3A69414D3DE7000703C36 /* en */ = {isa = PBXFileReference; lastKnownFileType = text.plist.strings; name = en; path = en.lproj/InfoPlist.strings; sourceTree = "<group>"; };
		0AD3A69614D3DE7000703C36 /* main.m */ = {isa = PBXFileReference; lastKnownFileType = sourcecode.c.objc; path = main.m; sourceTree = "<group>"; };
		0AD3A69814D3DE7000703C36 /* APCalc-Prefix.pch */ = {isa = PBXFileReference; path = "APCalc-Prefix.pch"; sourceTree = "<group>"; };
		0AD3A69914D3DE7000703C36 /* AppDelegate.h */ = {isa = PBXFileReference; path = AppDelegate.h; sourceTree = "<group>"; };
		0AD3A69A14D3DE7000703C36 /* AppDelegate.m */ = {isa = PBXFileReference; lastKnownFileType = sourcecode.c.objc; path = AppDelegate.m; sourceTree = "<group>"; };
		0AD3A69D14D3DE7000703C36 /* en */ = {isa = PBXFileReference; lastKnownFileType = file.storyboard; name = en; path = en.lproj/MainStoryboard.storyboard; sourceTree = "<group>"; };
		0AD3A69F14D3DE7000703C36 /* FirstViewController.h */ = {isa = PBXFileReference; path = FirstViewController.h; sourceTree = "<group>"; };
		0AD3A6A014D3DE7000703C36 /* FirstViewController.m */ = {isa = PBXFileReference; lastKnownFileType = sourcecode.c.objc; path = FirstViewController.m; sourceTree = "<group>"; };
		0AD3A6A214D3DE7000703C36 /* first.png */ = {isa = PBXFileReference; lastKnownFileType = image.png; path = first.png; sourceTree = "<group>"; };
		0AD3A6A414D3DE7000703C36 /* first@2x.png */ = {isa = PBXFileReference; lastKnownFileType = image.png; path = "first@2x.png"; sourceTree = "<group>"; };
		0AD3A6A614D3DE7000703C36 /* SecondViewController.h */ = {isa = PBXFileReference; path = SecondViewController.h; sourceTree = "<group>"; };
		0AD3A6A714D3DE7000703C36 /* SecondViewController.m */ = {isa = PBXFileReference; lastKnownFileType = sourcecode.c.objc; path = SecondViewController.m; sourceTree = "<group>"; };
		0AD3A6A914D3DE7000703C36 /* second.png */ = {isa = PBXFileReference; lastKnownFileType = image.png; path = second.png; sourceTree = "<group>"; };
		0AD3A6AB14D3DE7000703C36 /* second@2x.png */ = {isa = PBXFileReference; lastKnownFileType = image.png; path = "second@2x.png"; sourceTree = "<group>"; };
/* End PBXFileReference section */

/* Begin PBXFrameworksBuildPhase section */
		0AD3A68314D3DE7000703C36 /* Frameworks */ = {
			isa = PBXFrameworksBuildPhase;
			buildActionMask = 2147483647;
			files = (
				0AD3A68B14D3DE7000703C36 /* UIKit.framework in Frameworks */,
				0AD3A68D14D3DE7000703C36 /* Foundation.framework in Frameworks */,
				0AD3A68F14D3DE7000703C36 /* CoreGraphics.framework in Frameworks */,
			);
			runOnlyForDeploymentPostprocessing = 0;
		};
/* End PBXFrameworksBuildPhase section */

/* Begin PBXGroup section */
		0AD3A67B14D3DE7000703C36 = {
			isa = PBXGroup;
			children = (
				0AD3A69014D3DE7000703C36 /* APCalc */,
				0AD3A68914D3DE7000703C36 /* Frameworks */,
				0AD3A68714D3DE7000703C36 /* Products */,
			);
			sourceTree = "<group>";
		};
		0AD3A68714D3DE7000703C36 /* Products */ = {
			isa = PBXGroup;
			children = (
				0AD3A68614D3DE7000703C36 /* APCalc.app */,
			);
			name = Products;
			sourceTree = "<group>";
		};
		0AD3A68914D3DE7000703C36 /* Frameworks */ = {
			isa = PBXGroup;
			children = (
				0AD3A68A14D3DE7000703C36 /* UIKit.framework */,
				0AD3A68C14D3DE7000703C36 /* Foundation.framework */,
				0AD3A68E14D3DE7000703C36 /* CoreGraphics.framework */,
			);
			name = Frameworks;
			sourceTree = "<group>";
		};
		0AD3A69014D3DE7000703C36 /* APCalc */ = {
			isa = PBXGroup;
			children = (
				0AD3A69914D3DE7000703C36 /* AppDelegate.h */,
				0AD3A69A14D3DE7000703C36 /* AppDelegate.m */,
				0AD3A69C14D3DE7000703C36 /* MainStoryboard.storyboard */,
				0AD3A69F14D3DE7000703C36 /* FirstViewController.h */,
				0AD3A6A014D3DE7000703C36 /* FirstViewController.m */,
				0AD3A6A214D3DE7000703C36 /* first.png */,
				0AD3A6A414D3DE7000703C36 /* first@2x.png */,
				0AD3A6A614D3DE7000703C36 /* SecondViewController.h */,
				0AD3A6A714D3DE7000703C36 /* SecondViewController.m */,
				0AD3A6A914D3DE7000703C36 /* second.png */,
				0AD3A6AB14D3DE7000703C36 /* second@2x.png */,
				0AD3A69114D3DE7000703C36 /* Supporting Files */,
			);
			path = APCalc;
			sourceTree = "<group>";
		};
		0AD3A69114D3DE7000703C36 /* Supporting Files */ = {
			isa = PBXGroup;
			children = (
				0AD3A69214D3DE7000703C36 /* APCalc-Info.plist */,
				0AD3A69314D3DE7000703C36 /* InfoPlist.strings */,
				0AD3A69614D3DE7000703C36 /* main.m */,
				0AD3A69814D3DE7000703C36 /* APCalc-Prefix.pch */,
			);
			name = "Supporting Files";
			sourceTree = "<group>";
		};
/* End PBXGroup section */

/* Begin PBXNativeTarget section */
		0AD3A68514D3DE7000703C36 /* APCalc */ = {
			isa = PBXNativeTarget;
			buildConfigurationList = 0AD3A6AF14D3DE7000703C36 /* Build configuration list for PBXNativeTarget "APCalc" */;
			buildPhases = (
				0AD3A68214D3DE7000703C36 /* Sources */,
				0AD3A68314D3DE7000703C36 /* Frameworks */,
				0AD3A68414D3DE7000703C36 /* Resources */,
			);
			buildRules = (
			);
			dependencies = (
			);
			name = APCalc;
			productName = APCalc;
			productReference = 0AD3A68614D3DE7000703C36 /* APCalc.app */;
			productType = "com.apple.product-type.application";
		};
/* End PBXNativeTarget section */

/* Begin PBXProject section */
		0AD3A67D14D3DE7000703C36 /* Project object */ = {
			isa = PBXProject;
			attributes = {
				LastUpgradeCheck = 0420;
			};
			buildConfigurationList = 0AD3A68014D3DE7000703C36 /* Build configuration list for PBXProject "APCalc" */;
			compatibilityVersion = "Xcode 3.2";
			developmentRegion = English;
			hasScannedForEncodings = 0;
			knownRegions = (
				en,
			);
			mainGroup = 0AD3A67B14D3DE7000703C36;
			productRefGroup = 0AD3A68714D3DE7000703C36 /* Products */;
			projectDirPath = "";
			projectRoot = "";
			targets = (
				0AD3A68514D3DE7000703C36 /* APCalc */,
			);
		};
/* End PBXProject section */

/* Begin PBXResourcesBuildPhase section */
		0AD3A68414D3DE7000703C36 /* Resources */ = {
			isa = PBXResourcesBuildPhase;
			buildActionMask = 2147483647;
			files = (
				0AD3A69514D3DE7000703C36 /* InfoPlist.strings in Resources */,
				0AD3A69E14D3DE7000703C36 /* MainStoryboard.storyboard in Resources */,
				0AD3A6A314D3DE7000703C36 /* first.png in Resources */,
				0AD3A6A514D3DE7000703C36 /* first@2x.png in Resources */,
				0AD3A6AA14D3DE7000703C36 /* second.png in Resources */,
				0AD3A6AC14D3DE7000703C36 /* second@2x.png in Resources */,
			);
			runOnlyForDeploymentPostprocessing = 0;
		};
/* End PBXResourcesBuildPhase section */

/* Begin PBXSourcesBuildPhase section */
		0AD3A68214D3DE7000703C36 /* Sources */ = {
			isa = PBXSourcesBuildPhase;
			buildActionMask = 2147483647;
			files = (
				0AD3A69714D3DE7000703C36 /* main.m in Sources */,
				0AD3A69B14D3DE7000703C36 /* AppDelegate.m in Sources */,
				0AD3A6A114D3DE7000703C36 /* FirstViewController.m in Sources */,
				0AD3A6A814D3DE7000703C36 /* SecondViewController.m in Sources */,
			);
			runOnlyForDeploymentPostprocessing = 0;
		};
/* End PBXSourcesBuildPhase section */

/* Begin PBXVariantGroup section */
		0AD3A69314D3DE7000703C36 /* InfoPlist.strings */ = {
			isa = PBXVariantGroup;
			children = (
				0AD3A69414D3DE7000703C36 /* en */,
			);
			name = InfoPlist.strings;
			sourceTree = "<group>";
		};
		0AD3A69C14D3DE7000703C36 /* MainStoryboard.storyboard */ = {
			isa = PBXVariantGroup;
			children = (
				0AD3A69D14D3DE7000703C36 /* en */,
			);
			name = MainStoryboard.storyboard;
			sourceTree = "<group>";
		};
/* End PBXVariantGroup section */

/* Begin XCBuildConfiguration section */
		0AD3A6AD14D3DE7000703C36 /* Debug */ = {
			isa = XCBuildConfiguration;
			buildSettings = {
				ALWAYS_SEARCH_USER_PATHS = NO;
				ARCHS = "$(ARCHS_STANDARD_32_BIT)";
				CLANG_ENABLE_OBJC_ARC = YES;
				"CODE_SIGN_IDENTITY[sdk=iphoneos*]" = "iPhone Developer";
				COPY_PHASE_STRIP = NO;
				GCC_C_LANGUAGE_STANDARD = gnu99;
				GCC_DYNAMIC_NO_PIC = NO;
				GCC_OPTIMIZATION_LEVEL = 0;
				GCC_PREPROCESSOR_DEFINITIONS = (
					"DEBUG=1",
					"$(inherited)",
				);
				GCC_SYMBOLS_PRIVATE_EXTERN = NO;
				GCC_VERSION = com.apple.compilers.llvm.clang.1_0;
				GCC_WARN_ABOUT_MISSING_PROTOTYPES = YES;
				GCC_WARN_ABOUT_RETURN_TYPE = YES;
				GCC_WARN_UNUSED_VARIABLE = YES;
				IPHONEOS_DEPLOYMENT_TARGET = 5.0;
				SDKROOT = iphoneos;
				TARGETED_DEVICE_FAMILY = 2;
			};
			name = Debug;
		};
		0AD3A6AE14D3DE7000703C36 /* Release */ = {
			isa = XCBuildConfiguration;
			buildSettings = {
				ALWAYS_SEARCH_USER_PATHS = NO;
				ARCHS = "$(ARCHS_STANDARD_32_BIT)";
				CLANG_ENABLE_OBJC_ARC = YES;
				"CODE_SIGN_IDENTITY[sdk=iphoneos*]" = "iPhone Developer";
				COPY_PHASE_STRIP = YES;
				GCC_C_LANGUAGE_STANDARD = gnu99;
				GCC_VERSION = com.apple.compilers.llvm.clang.1_0;
				GCC_WARN_ABOUT_MISSING_PROTOTYPES = YES;
				GCC_WARN_ABOUT_RETURN_TYPE = YES;
				GCC_WARN_UNUSED_VARIABLE = YES;
				IPHONEOS_DEPLOYMENT_TARGET = 5.0;
				OTHER_CFLAGS = "-DNS_BLOCK_ASSERTIONS=1";
				SDKROOT = iphoneos;
				TARGETED_DEVICE_FAMILY = 2;
				VALIDATE_PRODUCT = YES;
			};
			name = Release;
		};
		0AD3A6B014D3DE7000703C36 /* Debug */ = {
			isa = XCBuildConfiguration;
			buildSettings = {
				GCC_PRECOMPILE_PREFIX_HEADER = YES;
				GCC_PREFIX_HEADER = "APCalc/APCalc-Prefix.pch";
				INFOPLIST_FILE = "APCalc/APCalc-Info.plist";
				PRODUCT_NAME = "$(TARGET_NAME)";
				WRAPPER_EXTENSION = app;
			};
			name = Debug;
		};
		0AD3A6B114D3DE7000703C36 /* Release */ = {
			isa = XCBuildConfiguration;
			buildSettings = {
				GCC_PRECOMPILE_PREFIX_HEADER = YES;
				GCC_PREFIX_HEADER = "APCalc/APCalc-Prefix.pch";
				INFOPLIST_FILE = "APCalc/APCalc-Info.plist";
				PRODUCT_NAME = "$(TARGET_NAME)";
				WRAPPER_EXTENSION = app;
			};
			name = Release;
		};
/* End XCBuildConfiguration section */

/* Begin XCConfigurationList section */
		0AD3A68014D3DE7000703C36 /* Build configuration list for PBXProject "APCalc" */ = {
			isa = XCConfigurationList;
			buildConfigurations = (
				0AD3A6AD14D3DE7000703C36 /* Debug */,
				0AD3A6AE14D3DE7000703C36 /* Release */,
			);
			defaultConfigurationIsVisible = 0;
			defaultConfigurationName = Release;
		};
		0AD3A6AF14D3DE7000703C36 /* Build configuration list for PBXNativeTarget "APCalc" */ = {
			isa = XCConfigurationList;
			buildConfigurations = (
				0AD3A6B014D3DE7000703C36 /* Debug */,
				0AD3A6B114D3DE7000703C36 /* Release */,
			);
			defaultConfigurationIsVisible = 0;
		};
/* End XCConfigurationList section */
	};
	rootObject = 0AD3A67D14D3DE7000703C36 /* Project object */;
}
